// !$*UTF8*$!
{
	archiveVersion = 1;
	classes = {
	};
	objectVersion = 50;
	objects = {

/* Begin PBXBuildFile section */
		C1703EEA24B48E6A0096E3E6 /* AppDelegate.swift in Sources */ = {isa = PBXBuildFile; fileRef = C1703EE924B48E6A0096E3E6 /* AppDelegate.swift */; };
		C1703EEC24B48E6A0096E3E6 /* SceneDelegate.swift in Sources */ = {isa = PBXBuildFile; fileRef = C1703EEB24B48E6A0096E3E6 /* SceneDelegate.swift */; };
		C1703EEE24B48E6B0096E3E6 /* ViewController.swift in Sources */ = {isa = PBXBuildFile; fileRef = C1703EED24B48E6B0096E3E6 /* ViewController.swift */; };
		C1703EF124B48E6B0096E3E6 /* Main.storyboard in Resources */ = {isa = PBXBuildFile; fileRef = C1703EEF24B48E6B0096E3E6 /* Main.storyboard */; };
		C1703EF324B48E790096E3E6 /* Assets.xcassets in Resources */ = {isa = PBXBuildFile; fileRef = C1703EF224B48E790096E3E6 /* Assets.xcassets */; };
		C1703EF624B48E790096E3E6 /* LaunchScreen.storyboard in Resources */ = {isa = PBXBuildFile; fileRef = C1703EF424B48E790096E3E6 /* LaunchScreen.storyboard */; };
		C1703F0124B48E790096E3E6 /* iOS_QuizTests.swift in Sources */ = {isa = PBXBuildFile; fileRef = C1703F0024B48E790096E3E6 /* iOS_QuizTests.swift */; };
		C1703F0C24B48E790096E3E6 /* iOS_QuizUITests.swift in Sources */ = {isa = PBXBuildFile; fileRef = C1703F0B24B48E790096E3E6 /* iOS_QuizUITests.swift */; };
/* End PBXBuildFile section */

/* Begin PBXContainerItemProxy section */
		C1703EFD24B48E790096E3E6 /* PBXContainerItemProxy */ = {
			isa = PBXContainerItemProxy;
			containerPortal = C1703EDE24B48E6A0096E3E6 /* Project object */;
			proxyType = 1;
			remoteGlobalIDString = C1703EE524B48E6A0096E3E6;
			remoteInfo = "iOS Quiz";
		};
		C1703F0824B48E790096E3E6 /* PBXContainerItemProxy */ = {
			isa = PBXContainerItemProxy;
			containerPortal = C1703EDE24B48E6A0096E3E6 /* Project object */;
			proxyType = 1;
			remoteGlobalIDString = C1703EE524B48E6A0096E3E6;
			remoteInfo = "iOS Quiz";
		};
/* End PBXContainerItemProxy section */

/* Begin PBXFileReference section */
		C1703EE624B48E6A0096E3E6 /* iOS Quiz.app */ = {isa = PBXFileReference; explicitFileType = wrapper.application; includeInIndex = 0; path = "iOS Quiz.app"; sourceTree = BUILT_PRODUCTS_DIR; };
		C1703EE924B48E6A0096E3E6 /* AppDelegate.swift */ = {isa = PBXFileReference; lastKnownFileType = sourcecode.swift; path = AppDelegate.swift; sourceTree = "<group>"; };
		C1703EEB24B48E6A0096E3E6 /* SceneDelegate.swift */ = {isa = PBXFileReference; lastKnownFileType = sourcecode.swift; path = SceneDelegate.swift; sourceTree = "<group>"; };
		C1703EED24B48E6B0096E3E6 /* ViewController.swift */ = {isa = PBXFileReference; lastKnownFileType = sourcecode.swift; path = ViewController.swift; sourceTree = "<group>"; };
		C1703EF024B48E6B0096E3E6 /* Base */ = {isa = PBXFileReference; lastKnownFileType = file.storyboard; name = Base; path = Base.lproj/Main.storyboard; sourceTree = "<group>"; };
		C1703EF224B48E790096E3E6 /* Assets.xcassets */ = {isa = PBXFileReference; lastKnownFileType = folder.assetcatalog; path = Assets.xcassets; sourceTree = "<group>"; };
		C1703EF524B48E790096E3E6 /* Base */ = {isa = PBXFileReference; lastKnownFileType = file.storyboard; name = Base; path = Base.lproj/LaunchScreen.storyboard; sourceTree = "<group>"; };
		C1703EF724B48E790096E3E6 /* Info.plist */ = {isa = PBXFileReference; lastKnownFileType = text.plist.xml; path = Info.plist; sourceTree = "<group>"; };
		C1703EFC24B48E790096E3E6 /* iOS QuizTests.xctest */ = {isa = PBXFileReference; explicitFileType = wrapper.cfbundle; includeInIndex = 0; path = "iOS QuizTests.xctest"; sourceTree = BUILT_PRODUCTS_DIR; };
		C1703F0024B48E790096E3E6 /* iOS_QuizTests.swift */ = {isa = PBXFileReference; lastKnownFileType = sourcecode.swift; path = iOS_QuizTests.swift; sourceTree = "<group>"; };
		C1703F0224B48E790096E3E6 /* Info.plist */ = {isa = PBXFileReference; lastKnownFileType = text.plist.xml; path = Info.plist; sourceTree = "<group>"; };
		C1703F0724B48E790096E3E6 /* iOS QuizUITests.xctest */ = {isa = PBXFileReference; explicitFileType = wrapper.cfbundle; includeInIndex = 0; path = "iOS QuizUITests.xctest"; sourceTree = BUILT_PRODUCTS_DIR; };
		C1703F0B24B48E790096E3E6 /* iOS_QuizUITests.swift */ = {isa = PBXFileReference; lastKnownFileType = sourcecode.swift; path = iOS_QuizUITests.swift; sourceTree = "<group>"; };
		C1703F0D24B48E790096E3E6 /* Info.plist */ = {isa = PBXFileReference; lastKnownFileType = text.plist.xml; path = Info.plist; sourceTree = "<group>"; };
/* End PBXFileReference section */

/* Begin PBXFrameworksBuildPhase section */
		C1703EE324B48E6A0096E3E6 /* Frameworks */ = {
			isa = PBXFrameworksBuildPhase;
			buildActionMask = 2147483647;
			files = (
			);
			runOnlyForDeploymentPostprocessing = 0;
		};
		C1703EF924B48E790096E3E6 /* Frameworks */ = {
			isa = PBXFrameworksBuildPhase;
			buildActionMask = 2147483647;
			files = (
			);
			runOnlyForDeploymentPostprocessing = 0;
		};
		C1703F0424B48E790096E3E6 /* Frameworks */ = {
			isa = PBXFrameworksBuildPhase;
			buildActionMask = 2147483647;
			files = (
			);
			runOnlyForDeploymentPostprocessing = 0;
		};
/* End PBXFrameworksBuildPhase section */

/* Begin PBXGroup section */
		C1703EDD24B48E6A0096E3E6 = {
			isa = PBXGroup;
			children = (
				C1703EE824B48E6A0096E3E6 /* iOS Quiz */,
				C1703EFF24B48E790096E3E6 /* iOS QuizTests */,
				C1703F0A24B48E790096E3E6 /* iOS QuizUITests */,
				C1703EE724B48E6A0096E3E6 /* Products */,
			);
			sourceTree = "<group>";
		};
		C1703EE724B48E6A0096E3E6 /* Products */ = {
			isa = PBXGroup;
			children = (
				C1703EE624B48E6A0096E3E6 /* iOS Quiz.app */,
				C1703EFC24B48E790096E3E6 /* iOS QuizTests.xctest */,
				C1703F0724B48E790096E3E6 /* iOS QuizUITests.xctest */,
			);
			name = Products;
			sourceTree = "<group>";
		};
		C1703EE824B48E6A0096E3E6 /* iOS Quiz */ = {
			isa = PBXGroup;
			children = (
				C1703EE924B48E6A0096E3E6 /* AppDelegate.swift */,
				C1703EEB24B48E6A0096E3E6 /* SceneDelegate.swift */,
				C1703EED24B48E6B0096E3E6 /* ViewController.swift */,
				C1703EEF24B48E6B0096E3E6 /* Main.storyboard */,
				C1703EF224B48E790096E3E6 /* Assets.xcassets */,
				C1703EF424B48E790096E3E6 /* LaunchScreen.storyboard */,
				C1703EF724B48E790096E3E6 /* Info.plist */,
			);
			path = "iOS Quiz";
			sourceTree = "<group>";
		};
		C1703EFF24B48E790096E3E6 /* iOS QuizTests */ = {
			isa = PBXGroup;
			children = (
				C1703F0024B48E790096E3E6 /* iOS_QuizTests.swift */,
				C1703F0224B48E790096E3E6 /* Info.plist */,
			);
			path = "iOS QuizTests";
			sourceTree = "<group>";
		};
		C1703F0A24B48E790096E3E6 /* iOS QuizUITests */ = {
			isa = PBXGroup;
			children = (
				C1703F0B24B48E790096E3E6 /* iOS_QuizUITests.swift */,
				C1703F0D24B48E790096E3E6 /* Info.plist */,
			);
			path = "iOS QuizUITests";
			sourceTree = "<group>";
		};
/* End PBXGroup section */

/* Begin PBXNativeTarget section */
		C1703EE524B48E6A0096E3E6 /* iOS Quiz */ = {
			isa = PBXNativeTarget;
			buildConfigurationList = C1703F1024B48E790096E3E6 /* Build configuration list for PBXNativeTarget "iOS Quiz" */;
			buildPhases = (
				C1703EE224B48E6A0096E3E6 /* Sources */,
				C1703EE324B48E6A0096E3E6 /* Frameworks */,
				C1703EE424B48E6A0096E3E6 /* Resources */,
			);
			buildRules = (
			);
			dependencies = (
			);
			name = "iOS Quiz";
			productName = "iOS Quiz";
			productReference = C1703EE624B48E6A0096E3E6 /* iOS Quiz.app */;
			productType = "com.apple.product-type.application";
		};
		C1703EFB24B48E790096E3E6 /* iOS QuizTests */ = {
			isa = PBXNativeTarget;
			buildConfigurationList = C1703F1324B48E790096E3E6 /* Build configuration list for PBXNativeTarget "iOS QuizTests" */;
			buildPhases = (
				C1703EF824B48E790096E3E6 /* Sources */,
				C1703EF924B48E790096E3E6 /* Frameworks */,
				C1703EFA24B48E790096E3E6 /* Resources */,
			);
			buildRules = (
			);
			dependencies = (
				C1703EFE24B48E790096E3E6 /* PBXTargetDependency */,
			);
			name = "iOS QuizTests";
			productName = "iOS QuizTests";
			productReference = C1703EFC24B48E790096E3E6 /* iOS QuizTests.xctest */;
			productType = "com.apple.product-type.bundle.unit-test";
		};
		C1703F0624B48E790096E3E6 /* iOS QuizUITests */ = {
			isa = PBXNativeTarget;
			buildConfigurationList = C1703F1624B48E790096E3E6 /* Build configuration list for PBXNativeTarget "iOS QuizUITests" */;
			buildPhases = (
				C1703F0324B48E790096E3E6 /* Sources */,
				C1703F0424B48E790096E3E6 /* Frameworks */,
				C1703F0524B48E790096E3E6 /* Resources */,
			);
			buildRules = (
			);
			dependencies = (
				C1703F0924B48E790096E3E6 /* PBXTargetDependency */,
			);
			name = "iOS QuizUITests";
			productName = "iOS QuizUITests";
			productReference = C1703F0724B48E790096E3E6 /* iOS QuizUITests.xctest */;
			productType = "com.apple.product-type.bundle.ui-testing";
		};
/* End PBXNativeTarget section */

/* Begin PBXProject section */
		C1703EDE24B48E6A0096E3E6 /* Project object */ = {
			isa = PBXProject;
			attributes = {
				LastSwiftUpdateCheck = 1150;
				LastUpgradeCheck = 1150;
				ORGANIZATIONNAME = Bobbie;
				TargetAttributes = {
					C1703EE524B48E6A0096E3E6 = {
						CreatedOnToolsVersion = 11.5;
					};
					C1703EFB24B48E790096E3E6 = {
						CreatedOnToolsVersion = 11.5;
						TestTargetID = C1703EE524B48E6A0096E3E6;
					};
					C1703F0624B48E790096E3E6 = {
						CreatedOnToolsVersion = 11.5;
						TestTargetID = C1703EE524B48E6A0096E3E6;
					};
				};
			};
			buildConfigurationList = C1703EE124B48E6A0096E3E6 /* Build configuration list for PBXProject "iOS Quiz" */;
			compatibilityVersion = "Xcode 9.3";
			developmentRegion = en;
			hasScannedForEncodings = 0;
			knownRegions = (
				en,
				Base,
			);
			mainGroup = C1703EDD24B48E6A0096E3E6;
			productRefGroup = C1703EE724B48E6A0096E3E6 /* Products */;
			projectDirPath = "";
			projectRoot = "";
			targets = (
				C1703EE524B48E6A0096E3E6 /* iOS Quiz */,
				C1703EFB24B48E790096E3E6 /* iOS QuizTests */,
				C1703F0624B48E790096E3E6 /* iOS QuizUITests */,
			);
		};
/* End PBXProject section */

/* Begin PBXResourcesBuildPhase section */
		C1703EE424B48E6A0096E3E6 /* Resources */ = {
			isa = PBXResourcesBuildPhase;
			buildActionMask = 2147483647;
			files = (
				C1703EF624B48E790096E3E6 /* LaunchScreen.storyboard in Resources */,
				C1703EF324B48E790096E3E6 /* Assets.xcassets in Resources */,
				C1703EF124B48E6B0096E3E6 /* Main.storyboard in Resources */,
			);
			runOnlyForDeploymentPostprocessing = 0;
		};
		C1703EFA24B48E790096E3E6 /* Resources */ = {
			isa = PBXResourcesBuildPhase;
			buildActionMask = 2147483647;
			files = (
			);
			runOnlyForDeploymentPostprocessing = 0;
		};
		C1703F0524B48E790096E3E6 /* Resources */ = {
			isa = PBXResourcesBuildPhase;
			buildActionMask = 2147483647;
			files = (
			);
			runOnlyForDeploymentPostprocessing = 0;
		};
/* End PBXResourcesBuildPhase section */

/* Begin PBXSourcesBuildPhase section */
		C1703EE224B48E6A0096E3E6 /* Sources */ = {
			isa = PBXSourcesBuildPhase;
			buildActionMask = 2147483647;
			files = (
				C1703EEE24B48E6B0096E3E6 /* ViewController.swift in Sources */,
				C1703EEA24B48E6A0096E3E6 /* AppDelegate.swift in Sources */,
				C1703EEC24B48E6A0096E3E6 /* SceneDelegate.swift in Sources */,
			);
			runOnlyForDeploymentPostprocessing = 0;
		};
		C1703EF824B48E790096E3E6 /* Sources */ = {
			isa = PBXSourcesBuildPhase;
			buildActionMask = 2147483647;
			files = (
				C1703F0124B48E790096E3E6 /* iOS_QuizTests.swift in Sources */,
			);
			runOnlyForDeploymentPostprocessing = 0;
		};
		C1703F0324B48E790096E3E6 /* Sources */ = {
			isa = PBXSourcesBuildPhase;
			buildActionMask = 2147483647;
			files = (
				C1703F0C24B48E790096E3E6 /* iOS_QuizUITests.swift in Sources */,
			);
			runOnlyForDeploymentPostprocessing = 0;
		};
/* End PBXSourcesBuildPhase section */

/* Begin PBXTargetDependency section */
		C1703EFE24B48E790096E3E6 /* PBXTargetDependency */ = {
			isa = PBXTargetDependency;
			target = C1703EE524B48E6A0096E3E6 /* iOS Quiz */;
			targetProxy = C1703EFD24B48E790096E3E6 /* PBXContainerItemProxy */;
		};
		C1703F0924B48E790096E3E6 /* PBXTargetDependency */ = {
			isa = PBXTargetDependency;
			target = C1703EE524B48E6A0096E3E6 /* iOS Quiz */;
			targetProxy = C1703F0824B48E790096E3E6 /* PBXContainerItemProxy */;
		};
/* End PBXTargetDependency section */

/* Begin PBXVariantGroup section */
		C1703EEF24B48E6B0096E3E6 /* Main.storyboard */ = {
			isa = PBXVariantGroup;
			children = (
				C1703EF024B48E6B0096E3E6 /* Base */,
			);
			name = Main.storyboard;
			sourceTree = "<group>";
		};
		C1703EF424B48E790096E3E6 /* LaunchScreen.storyboard */ = {
			isa = PBXVariantGroup;
			children = (
				C1703EF524B48E790096E3E6 /* Base */,
			);
			name = LaunchScreen.storyboard;
			sourceTree = "<group>";
		};
/* End PBXVariantGroup section */

/* Begin XCBuildConfiguration section */
		C1703F0E24B48E790096E3E6 /* Debug */ = {
			isa = XCBuildConfiguration;
			buildSettings = {
				ALWAYS_SEARCH_USER_PATHS = NO;
				CLANG_ANALYZER_NONNULL = YES;
				CLANG_ANALYZER_NUMBER_OBJECT_CONVERSION = YES_AGGRESSIVE;
				CLANG_CXX_LANGUAGE_STANDARD = "gnu++14";
				CLANG_CXX_LIBRARY = "libc++";
				CLANG_ENABLE_MODULES = YES;
				CLANG_ENABLE_OBJC_ARC = YES;
				CLANG_ENABLE_OBJC_WEAK = YES;
				CLANG_WARN_BLOCK_CAPTURE_AUTORELEASING = YES;
				CLANG_WARN_BOOL_CONVERSION = YES;
				CLANG_WARN_COMMA = YES;
				CLANG_WARN_CONSTANT_CONVERSION = YES;
				CLANG_WARN_DEPRECATED_OBJC_IMPLEMENTATIONS = YES;
				CLANG_WARN_DIRECT_OBJC_ISA_USAGE = YES_ERROR;
				CLANG_WARN_DOCUMENTATION_COMMENTS = YES;
				CLANG_WARN_EMPTY_BODY = YES;
				CLANG_WARN_ENUM_CONVERSION = YES;
				CLANG_WARN_INFINITE_RECURSION = YES;
				CLANG_WARN_INT_CONVERSION = YES;
				CLANG_WARN_NON_LITERAL_NULL_CONVERSION = YES;
				CLANG_WARN_OBJC_IMPLICIT_RETAIN_SELF = YES;
				CLANG_WARN_OBJC_LITERAL_CONVERSION = YES;
				CLANG_WARN_OBJC_ROOT_CLASS = YES_ERROR;
				CLANG_WARN_RANGE_LOOP_ANALYSIS = YES;
				CLANG_WARN_STRICT_PROTOTYPES = YES;
				CLANG_WARN_SUSPICIOUS_MOVE = YES;
				CLANG_WARN_UNGUARDED_AVAILABILITY = YES_AGGRESSIVE;
				CLANG_WARN_UNREACHABLE_CODE = YES;
				CLANG_WARN__DUPLICATE_METHOD_MATCH = YES;
				COPY_PHASE_STRIP = NO;
				DEBUG_INFORMATION_FORMAT = dwarf;
				ENABLE_STRICT_OBJC_MSGSEND = YES;
				ENABLE_TESTABILITY = YES;
				GCC_C_LANGUAGE_STANDARD = gnu11;
				GCC_DYNAMIC_NO_PIC = NO;
				GCC_NO_COMMON_BLOCKS = YES;
				GCC_OPTIMIZATION_LEVEL = 0;
				GCC_PREPROCESSOR_DEFINITIONS = (
					"DEBUG=1",
					"$(inherited)",
				);
				GCC_WARN_64_TO_32_BIT_CONVERSION = YES;
				GCC_WARN_ABOUT_RETURN_TYPE = YES_ERROR;
				GCC_WARN_UNDECLARED_SELECTOR = YES;
				GCC_WARN_UNINITIALIZED_AUTOS = YES_AGGRESSIVE;
				GCC_WARN_UNUSED_FUNCTION = YES;
				GCC_WARN_UNUSED_VARIABLE = YES;
				IPHONEOS_DEPLOYMENT_TARGET = 13.5;
				MTL_ENABLE_DEBUG_INFO = INCLUDE_SOURCE;
				MTL_FAST_MATH = YES;
				ONLY_ACTIVE_ARCH = YES;
				SDKROOT = iphoneos;
				SWIFT_ACTIVE_COMPILATION_CONDITIONS = DEBUG;
				SWIFT_OPTIMIZATION_LEVEL = "-Onone";
			};
			name = Debug;
		};
		C1703F0F24B48E790096E3E6 /* Release */ = {
			isa = XCBuildConfiguration;
			buildSettings = {
				ALWAYS_SEARCH_USER_PATHS = NO;
				CLANG_ANALYZER_NONNULL = YES;
				CLANG_ANALYZER_NUMBER_OBJECT_CONVERSION = YES_AGGRESSIVE;
				CLANG_CXX_LANGUAGE_STANDARD = "gnu++14";
				CLANG_CXX_LIBRARY = "libc++";
				CLANG_ENABLE_MODULES = YES;
				CLANG_ENABLE_OBJC_ARC = YES;
				CLANG_ENABLE_OBJC_WEAK = YES;
				CLANG_WARN_BLOCK_CAPTURE_AUTORELEASING = YES;
				CLANG_WARN_BOOL_CONVERSION = YES;
				CLANG_WARN_COMMA = YES;
				CLANG_WARN_CONSTANT_CONVERSION = YES;
				CLANG_WARN_DEPRECATED_OBJC_IMPLEMENTATIONS = YES;
				CLANG_WARN_DIRECT_OBJC_ISA_USAGE = YES_ERROR;
				CLANG_WARN_DOCUMENTATION_COMMENTS = YES;
				CLANG_WARN_EMPTY_BODY = YES;
				CLANG_WARN_ENUM_CONVERSION = YES;
				CLANG_WARN_INFINITE_RECURSION = YES;
				CLANG_WARN_INT_CONVERSION = YES;
				CLANG_WARN_NON_LITERAL_NULL_CONVERSION = YES;
				CLANG_WARN_OBJC_IMPLICIT_RETAIN_SELF = YES;
				CLANG_WARN_OBJC_LITERAL_CONVERSION = YES;
				CLANG_WARN_OBJC_ROOT_CLASS = YES_ERROR;
				CLANG_WARN_RANGE_LOOP_ANALYSIS = YES;
				CLANG_WARN_STRICT_PROTOTYPES = YES;
				CLANG_WARN_SUSPICIOUS_MOVE = YES;
				CLANG_WARN_UNGUARDED_AVAILABILITY = YES_AGGRESSIVE;
				CLANG_WARN_UNREACHABLE_CODE = YES;
				CLANG_WARN__DUPLICATE_METHOD_MATCH = YES;
				COPY_PHASE_STRIP = NO;
				DEBUG_INFORMATION_FORMAT = "dwarf-with-dsym";
				ENABLE_NS_ASSERTIONS = NO;
				ENABLE_STRICT_OBJC_MSGSEND = YES;
				GCC_C_LANGUAGE_STANDARD = gnu11;
				GCC_NO_COMMON_BLOCKS = YES;
				GCC_WARN_64_TO_32_BIT_CONVERSION = YES;
				GCC_WARN_ABOUT_RETURN_TYPE = YES_ERROR;
				GCC_WARN_UNDECLARED_SELECTOR = YES;
				GCC_WARN_UNINITIALIZED_AUTOS = YES_AGGRESSIVE;
				GCC_WARN_UNUSED_FUNCTION = YES;
				GCC_WARN_UNUSED_VARIABLE = YES;
				IPHONEOS_DEPLOYMENT_TARGET = 13.5;
				MTL_ENABLE_DEBUG_INFO = NO;
				MTL_FAST_MATH = YES;
				SDKROOT = iphoneos;
				SWIFT_COMPILATION_MODE = wholemodule;
				SWIFT_OPTIMIZATION_LEVEL = "-O";
				VALIDATE_PRODUCT = YES;
			};
			name = Release;
		};
		C1703F1124B48E790096E3E6 /* Debug */ = {
			isa = XCBuildConfiguration;
			buildSettings = {
				ASSETCATALOG_COMPILER_APPICON_NAME = AppIcon;
				CODE_SIGN_STYLE = Automatic;
				INFOPLIST_FILE = "iOS Quiz/Info.plist";
				LD_RUNPATH_SEARCH_PATHS = (
					"$(inherited)",
					"@executable_path/Frameworks",
				);
				PRODUCT_BUNDLE_IDENTIFIER = "com-bobbiesinh.iOS-Quiz";
				PRODUCT_NAME = "$(TARGET_NAME)";
				SWIFT_VERSION = 5.0;
				TARGETED_DEVICE_FAMILY = "1,2";
			};
			name = Debug;
		};
		C1703F1224B48E790096E3E6 /* Release */ = {
			isa = XCBuildConfiguration;
			buildSettings = {
				ASSETCATALOG_COMPILER_APPICON_NAME = AppIcon;
				CODE_SIGN_STYLE = Automatic;
				INFOPLIST_FILE = "iOS Quiz/Info.plist";
				LD_RUNPATH_SEARCH_PATHS = (
					"$(inherited)",
					"@executable_path/Frameworks",
				);
				PRODUCT_BUNDLE_IDENTIFIER = "com-bobbiesinh.iOS-Quiz";
				PRODUCT_NAME = "$(TARGET_NAME)";
				SWIFT_VERSION = 5.0;
				TARGETED_DEVICE_FAMILY = "1,2";
			};
			name = Release;
		};
		C1703F1424B48E790096E3E6 /* Debug */ = {
			isa = XCBuildConfiguration;
			buildSettings = {
				ALWAYS_EMBED_SWIFT_STANDARD_LIBRARIES = YES;
				BUNDLE_LOADER = "$(TEST_HOST)";
				CODE_SIGN_STYLE = Automatic;
				INFOPLIST_FILE = "iOS QuizTests/Info.plist";
				IPHONEOS_DEPLOYMENT_TARGET = 13.5;
				LD_RUNPATH_SEARCH_PATHS = (
					"$(inherited)",
					"@executable_path/Frameworks",
					"@loader_path/Frameworks",
				);
				PRODUCT_BUNDLE_IDENTIFIER = "com-bobbiesinh.iOS-QuizTests";
				PRODUCT_NAME = "$(TARGET_NAME)";
				SWIFT_VERSION = 5.0;
				TARGETED_DEVICE_FAMILY = "1,2";
				TEST_HOST = "$(BUILT_PRODUCTS_DIR)/iOS Quiz.app/iOS Quiz";
			};
			name = Debug;
		};
		C1703F1524B48E790096E3E6 /* Release */ = {
			isa = XCBuildConfiguration;
			buildSettings = {
				ALWAYS_EMBED_SWIFT_STANDARD_LIBRARIES = YES;
				BUNDLE_LOADER = "$(TEST_HOST)";
				CODE_SIGN_STYLE = Automatic;
				INFOPLIST_FILE = "iOS QuizTests/Info.plist";
				IPHONEOS_DEPLOYMENT_TARGET = 13.5;
				LD_RUNPATH_SEARCH_PATHS = (
					"$(inherited)",
					"@executable_path/Frameworks",
					"@loader_path/Frameworks",
				);
				PRODUCT_BUNDLE_IDENTIFIER = "com-bobbiesinh.iOS-QuizTests";
				PRODUCT_NAME = "$(TARGET_NAME)";
				SWIFT_VERSION = 5.0;
				TARGETED_DEVICE_FAMILY = "1,2";
				TEST_HOST = "$(BUILT_PRODUCTS_DIR)/iOS Quiz.app/iOS Quiz";
			};
			name = Release;
		};
		C1703F1724B48E790096E3E6 /* Debug */ = {
			isa = XCBuildConfiguration;
			buildSettings = {
				ALWAYS_EMBED_SWIFT_STANDARD_LIBRARIES = YES;
				CODE_SIGN_STYLE = Automatic;
				INFOPLIST_FILE = "iOS QuizUITests/Info.plist";
				LD_RUNPATH_SEARCH_PATHS = (
					"$(inherited)",
					"@executable_path/Frameworks",
					"@loader_path/Frameworks",
				);
				PRODUCT_BUNDLE_IDENTIFIER = "com-bobbiesinh.iOS-QuizUITests";
				PRODUCT_NAME = "$(TARGET_NAME)";
				SWIFT_VERSION = 5.0;
				TARGETED_DEVICE_FAMILY = "1,2";
				TEST_TARGET_NAME = "iOS Quiz";
			};
			name = Debug;
		};
		C1703F1824B48E790096E3E6 /* Release */ = {
			isa = XCBuildConfiguration;
			buildSettings = {
				ALWAYS_EMBED_SWIFT_STANDARD_LIBRARIES = YES;
				CODE_SIGN_STYLE = Automatic;
				INFOPLIST_FILE = "iOS QuizUITests/Info.plist";
				LD_RUNPATH_SEARCH_PATHS = (
					"$(inherited)",
					"@executable_path/Frameworks",
					"@loader_path/Frameworks",
				);
				PRODUCT_BUNDLE_IDENTIFIER = "com-bobbiesinh.iOS-QuizUITests";
				PRODUCT_NAME = "$(TARGET_NAME)";
				SWIFT_VERSION = 5.0;
				TARGETED_DEVICE_FAMILY = "1,2";
				TEST_TARGET_NAME = "iOS Quiz";
			};
			name = Release;
		};
/* End XCBuildConfiguration section */

/* Begin XCConfigurationList section */
		C1703EE124B48E6A0096E3E6 /* Build configuration list for PBXProject "iOS Quiz" */ = {
			isa = XCConfigurationList;
			buildConfigurations = (
				C1703F0E24B48E790096E3E6 /* Debug */,
				C1703F0F24B48E790096E3E6 /* Release */,
			);
			defaultConfigurationIsVisible = 0;
			defaultConfigurationName = Release;
		};
		C1703F1024B48E790096E3E6 /* Build configuration list for PBXNativeTarget "iOS Quiz" */ = {
			isa = XCConfigurationList;
			buildConfigurations = (
				C1703F1124B48E790096E3E6 /* Debug */,
				C1703F1224B48E790096E3E6 /* Release */,
			);
			defaultConfigurationIsVisible = 0;
			defaultConfigurationName = Release;
		};
		C1703F1324B48E790096E3E6 /* Build configuration list for PBXNativeTarget "iOS QuizTests" */ = {
			isa = XCConfigurationList;
			buildConfigurations = (
				C1703F1424B48E790096E3E6 /* Debug */,
				C1703F1524B48E790096E3E6 /* Release */,
			);
			defaultConfigurationIsVisible = 0;
			defaultConfigurationName = Release;
		};
		C1703F1624B48E790096E3E6 /* Build configuration list for PBXNativeTarget "iOS QuizUITests" */ = {
			isa = XCConfigurationList;
			buildConfigurations = (
				C1703F1724B48E790096E3E6 /* Debug */,
				C1703F1824B48E790096E3E6 /* Release */,
			);
			defaultConfigurationIsVisible = 0;
			defaultConfigurationName = Release;
		};
/* End XCConfigurationList section */
	};
	rootObject = C1703EDE24B48E6A0096E3E6 /* Project object */;
}
