// !$*UTF8*$!
{
	archiveVersion = 1;
	classes = {
	};
	objectVersion = 50;
	objects = {

/* Begin PBXBuildFile section */
		C15E995724B729A600666BE2 /* AppDelegate.swift in Sources */ = {isa = PBXBuildFile; fileRef = C15E995624B729A600666BE2 /* AppDelegate.swift */; };
		C15E995924B729A600666BE2 /* SceneDelegate.swift in Sources */ = {isa = PBXBuildFile; fileRef = C15E995824B729A600666BE2 /* SceneDelegate.swift */; };
		C15E995B24B729A600666BE2 /* ViewController.swift in Sources */ = {isa = PBXBuildFile; fileRef = C15E995A24B729A600666BE2 /* ViewController.swift */; };
		C15E995E24B729A600666BE2 /* Main.storyboard in Resources */ = {isa = PBXBuildFile; fileRef = C15E995C24B729A600666BE2 /* Main.storyboard */; };
		C15E996024B729A900666BE2 /* Assets.xcassets in Resources */ = {isa = PBXBuildFile; fileRef = C15E995F24B729A900666BE2 /* Assets.xcassets */; };
		C15E996324B729A900666BE2 /* LaunchScreen.storyboard in Resources */ = {isa = PBXBuildFile; fileRef = C15E996124B729A900666BE2 /* LaunchScreen.storyboard */; };
		C15E996E24B729A900666BE2 /* tictactoeTests.swift in Sources */ = {isa = PBXBuildFile; fileRef = C15E996D24B729A900666BE2 /* tictactoeTests.swift */; };
		C15E997924B729AA00666BE2 /* tictactoeUITests.swift in Sources */ = {isa = PBXBuildFile; fileRef = C15E997824B729AA00666BE2 /* tictactoeUITests.swift */; };
/* End PBXBuildFile section */

/* Begin PBXContainerItemProxy section */
		C15E996A24B729A900666BE2 /* PBXContainerItemProxy */ = {
			isa = PBXContainerItemProxy;
			containerPortal = C15E994B24B729A600666BE2 /* Project object */;
			proxyType = 1;
			remoteGlobalIDString = C15E995224B729A600666BE2;
			remoteInfo = tictactoe;
		};
		C15E997524B729AA00666BE2 /* PBXContainerItemProxy */ = {
			isa = PBXContainerItemProxy;
			containerPortal = C15E994B24B729A600666BE2 /* Project object */;
			proxyType = 1;
			remoteGlobalIDString = C15E995224B729A600666BE2;
			remoteInfo = tictactoe;
		};
/* End PBXContainerItemProxy section */

/* Begin PBXFileReference section */
		C15E995324B729A600666BE2 /* tictactoe.app */ = {isa = PBXFileReference; explicitFileType = wrapper.application; includeInIndex = 0; path = tictactoe.app; sourceTree = BUILT_PRODUCTS_DIR; };
		C15E995624B729A600666BE2 /* AppDelegate.swift */ = {isa = PBXFileReference; lastKnownFileType = sourcecode.swift; path = AppDelegate.swift; sourceTree = "<group>"; };
		C15E995824B729A600666BE2 /* SceneDelegate.swift */ = {isa = PBXFileReference; lastKnownFileType = sourcecode.swift; path = SceneDelegate.swift; sourceTree = "<group>"; };
		C15E995A24B729A600666BE2 /* ViewController.swift */ = {isa = PBXFileReference; lastKnownFileType = sourcecode.swift; path = ViewController.swift; sourceTree = "<group>"; };
		C15E995D24B729A600666BE2 /* Base */ = {isa = PBXFileReference; lastKnownFileType = file.storyboard; name = Base; path = Base.lproj/Main.storyboard; sourceTree = "<group>"; };
		C15E995F24B729A900666BE2 /* Assets.xcassets */ = {isa = PBXFileReference; lastKnownFileType = folder.assetcatalog; path = Assets.xcassets; sourceTree = "<group>"; };
		C15E996224B729A900666BE2 /* Base */ = {isa = PBXFileReference; lastKnownFileType = file.storyboard; name = Base; path = Base.lproj/LaunchScreen.storyboard; sourceTree = "<group>"; };
		C15E996424B729A900666BE2 /* Info.plist */ = {isa = PBXFileReference; lastKnownFileType = text.plist.xml; path = Info.plist; sourceTree = "<group>"; };
		C15E996924B729A900666BE2 /* tictactoeTests.xctest */ = {isa = PBXFileReference; explicitFileType = wrapper.cfbundle; includeInIndex = 0; path = tictactoeTests.xctest; sourceTree = BUILT_PRODUCTS_DIR; };
		C15E996D24B729A900666BE2 /* tictactoeTests.swift */ = {isa = PBXFileReference; lastKnownFileType = sourcecode.swift; path = tictactoeTests.swift; sourceTree = "<group>"; };
		C15E996F24B729A900666BE2 /* Info.plist */ = {isa = PBXFileReference; lastKnownFileType = text.plist.xml; path = Info.plist; sourceTree = "<group>"; };
		C15E997424B729AA00666BE2 /* tictactoeUITests.xctest */ = {isa = PBXFileReference; explicitFileType = wrapper.cfbundle; includeInIndex = 0; path = tictactoeUITests.xctest; sourceTree = BUILT_PRODUCTS_DIR; };
		C15E997824B729AA00666BE2 /* tictactoeUITests.swift */ = {isa = PBXFileReference; lastKnownFileType = sourcecode.swift; path = tictactoeUITests.swift; sourceTree = "<group>"; };
		C15E997A24B729AA00666BE2 /* Info.plist */ = {isa = PBXFileReference; lastKnownFileType = text.plist.xml; path = Info.plist; sourceTree = "<group>"; };
/* End PBXFileReference section */

/* Begin PBXFrameworksBuildPhase section */
		C15E995024B729A600666BE2 /* Frameworks */ = {
			isa = PBXFrameworksBuildPhase;
			buildActionMask = 2147483647;
			files = (
			);
			runOnlyForDeploymentPostprocessing = 0;
		};
		C15E996624B729A900666BE2 /* Frameworks */ = {
			isa = PBXFrameworksBuildPhase;
			buildActionMask = 2147483647;
			files = (
			);
			runOnlyForDeploymentPostprocessing = 0;
		};
		C15E997124B729AA00666BE2 /* Frameworks */ = {
			isa = PBXFrameworksBuildPhase;
			buildActionMask = 2147483647;
			files = (
			);
			runOnlyForDeploymentPostprocessing = 0;
		};
/* End PBXFrameworksBuildPhase section */

/* Begin PBXGroup section */
		C15E994A24B729A600666BE2 = {
			isa = PBXGroup;
			children = (
				C15E995524B729A600666BE2 /* tictactoe */,
				C15E996C24B729A900666BE2 /* tictactoeTests */,
				C15E997724B729AA00666BE2 /* tictactoeUITests */,
				C15E995424B729A600666BE2 /* Products */,
			);
			sourceTree = "<group>";
		};
		C15E995424B729A600666BE2 /* Products */ = {
			isa = PBXGroup;
			children = (
				C15E995324B729A600666BE2 /* tictactoe.app */,
				C15E996924B729A900666BE2 /* tictactoeTests.xctest */,
				C15E997424B729AA00666BE2 /* tictactoeUITests.xctest */,
			);
			name = Products;
			sourceTree = "<group>";
		};
		C15E995524B729A600666BE2 /* tictactoe */ = {
			isa = PBXGroup;
			children = (
				C15E995624B729A600666BE2 /* AppDelegate.swift */,
				C15E995824B729A600666BE2 /* SceneDelegate.swift */,
				C15E995A24B729A600666BE2 /* ViewController.swift */,
				C15E995C24B729A600666BE2 /* Main.storyboard */,
				C15E995F24B729A900666BE2 /* Assets.xcassets */,
				C15E996124B729A900666BE2 /* LaunchScreen.storyboard */,
				C15E996424B729A900666BE2 /* Info.plist */,
			);
			path = tictactoe;
			sourceTree = "<group>";
		};
		C15E996C24B729A900666BE2 /* tictactoeTests */ = {
			isa = PBXGroup;
			children = (
				C15E996D24B729A900666BE2 /* tictactoeTests.swift */,
				C15E996F24B729A900666BE2 /* Info.plist */,
			);
			path = tictactoeTests;
			sourceTree = "<group>";
		};
		C15E997724B729AA00666BE2 /* tictactoeUITests */ = {
			isa = PBXGroup;
			children = (
				C15E997824B729AA00666BE2 /* tictactoeUITests.swift */,
				C15E997A24B729AA00666BE2 /* Info.plist */,
			);
			path = tictactoeUITests;
			sourceTree = "<group>";
		};
/* End PBXGroup section */

/* Begin PBXNativeTarget section */
		C15E995224B729A600666BE2 /* tictactoe */ = {
			isa = PBXNativeTarget;
			buildConfigurationList = C15E997D24B729AA00666BE2 /* Build configuration list for PBXNativeTarget "tictactoe" */;
			buildPhases = (
				C15E994F24B729A600666BE2 /* Sources */,
				C15E995024B729A600666BE2 /* Frameworks */,
				C15E995124B729A600666BE2 /* Resources */,
			);
			buildRules = (
			);
			dependencies = (
			);
			name = tictactoe;
			productName = tictactoe;
			productReference = C15E995324B729A600666BE2 /* tictactoe.app */;
			productType = "com.apple.product-type.application";
		};
		C15E996824B729A900666BE2 /* tictactoeTests */ = {
			isa = PBXNativeTarget;
			buildConfigurationList = C15E998024B729AA00666BE2 /* Build configuration list for PBXNativeTarget "tictactoeTests" */;
			buildPhases = (
				C15E996524B729A900666BE2 /* Sources */,
				C15E996624B729A900666BE2 /* Frameworks */,
				C15E996724B729A900666BE2 /* Resources */,
			);
			buildRules = (
			);
			dependencies = (
				C15E996B24B729A900666BE2 /* PBXTargetDependency */,
			);
			name = tictactoeTests;
			productName = tictactoeTests;
			productReference = C15E996924B729A900666BE2 /* tictactoeTests.xctest */;
			productType = "com.apple.product-type.bundle.unit-test";
		};
		C15E997324B729AA00666BE2 /* tictactoeUITests */ = {
			isa = PBXNativeTarget;
			buildConfigurationList = C15E998324B729AA00666BE2 /* Build configuration list for PBXNativeTarget "tictactoeUITests" */;
			buildPhases = (
				C15E997024B729AA00666BE2 /* Sources */,
				C15E997124B729AA00666BE2 /* Frameworks */,
				C15E997224B729AA00666BE2 /* Resources */,
			);
			buildRules = (
			);
			dependencies = (
				C15E997624B729AA00666BE2 /* PBXTargetDependency */,
			);
			name = tictactoeUITests;
			productName = tictactoeUITests;
			productReference = C15E997424B729AA00666BE2 /* tictactoeUITests.xctest */;
			productType = "com.apple.product-type.bundle.ui-testing";
		};
/* End PBXNativeTarget section */

/* Begin PBXProject section */
		C15E994B24B729A600666BE2 /* Project object */ = {
			isa = PBXProject;
			attributes = {
				LastSwiftUpdateCheck = 1150;
				LastUpgradeCheck = 1150;
				ORGANIZATIONNAME = Bobbie;
				TargetAttributes = {
					C15E995224B729A600666BE2 = {
						CreatedOnToolsVersion = 11.5;
					};
					C15E996824B729A900666BE2 = {
						CreatedOnToolsVersion = 11.5;
						TestTargetID = C15E995224B729A600666BE2;
					};
					C15E997324B729AA00666BE2 = {
						CreatedOnToolsVersion = 11.5;
						TestTargetID = C15E995224B729A600666BE2;
					};
				};
			};
			buildConfigurationList = C15E994E24B729A600666BE2 /* Build configuration list for PBXProject "tictactoe" */;
			compatibilityVersion = "Xcode 9.3";
			developmentRegion = en;
			hasScannedForEncodings = 0;
			knownRegions = (
				en,
				Base,
			);
			mainGroup = C15E994A24B729A600666BE2;
			productRefGroup = C15E995424B729A600666BE2 /* Products */;
			projectDirPath = "";
			projectRoot = "";
			targets = (
				C15E995224B729A600666BE2 /* tictactoe */,
				C15E996824B729A900666BE2 /* tictactoeTests */,
				C15E997324B729AA00666BE2 /* tictactoeUITests */,
			);
		};
/* End PBXProject section */

/* Begin PBXResourcesBuildPhase section */
		C15E995124B729A600666BE2 /* Resources */ = {
			isa = PBXResourcesBuildPhase;
			buildActionMask = 2147483647;
			files = (
				C15E996324B729A900666BE2 /* LaunchScreen.storyboard in Resources */,
				C15E996024B729A900666BE2 /* Assets.xcassets in Resources */,
				C15E995E24B729A600666BE2 /* Main.storyboard in Resources */,
			);
			runOnlyForDeploymentPostprocessing = 0;
		};
		C15E996724B729A900666BE2 /* Resources */ = {
			isa = PBXResourcesBuildPhase;
			buildActionMask = 2147483647;
			files = (
			);
			runOnlyForDeploymentPostprocessing = 0;
		};
		C15E997224B729AA00666BE2 /* Resources */ = {
			isa = PBXResourcesBuildPhase;
			buildActionMask = 2147483647;
			files = (
			);
			runOnlyForDeploymentPostprocessing = 0;
		};
/* End PBXResourcesBuildPhase section */

/* Begin PBXSourcesBuildPhase section */
		C15E994F24B729A600666BE2 /* Sources */ = {
			isa = PBXSourcesBuildPhase;
			buildActionMask = 2147483647;
			files = (
				C15E995B24B729A600666BE2 /* ViewController.swift in Sources */,
				C15E995724B729A600666BE2 /* AppDelegate.swift in Sources */,
				C15E995924B729A600666BE2 /* SceneDelegate.swift in Sources */,
			);
			runOnlyForDeploymentPostprocessing = 0;
		};
		C15E996524B729A900666BE2 /* Sources */ = {
			isa = PBXSourcesBuildPhase;
			buildActionMask = 2147483647;
			files = (
				C15E996E24B729A900666BE2 /* tictactoeTests.swift in Sources */,
			);
			runOnlyForDeploymentPostprocessing = 0;
		};
		C15E997024B729AA00666BE2 /* Sources */ = {
			isa = PBXSourcesBuildPhase;
			buildActionMask = 2147483647;
			files = (
				C15E997924B729AA00666BE2 /* tictactoeUITests.swift in Sources */,
			);
			runOnlyForDeploymentPostprocessing = 0;
		};
/* End PBXSourcesBuildPhase section */

/* Begin PBXTargetDependency section */
		C15E996B24B729A900666BE2 /* PBXTargetDependency */ = {
			isa = PBXTargetDependency;
			target = C15E995224B729A600666BE2 /* tictactoe */;
			targetProxy = C15E996A24B729A900666BE2 /* PBXContainerItemProxy */;
		};
		C15E997624B729AA00666BE2 /* PBXTargetDependency */ = {
			isa = PBXTargetDependency;
			target = C15E995224B729A600666BE2 /* tictactoe */;
			targetProxy = C15E997524B729AA00666BE2 /* PBXContainerItemProxy */;
		};
/* End PBXTargetDependency section */

/* Begin PBXVariantGroup section */
		C15E995C24B729A600666BE2 /* Main.storyboard */ = {
			isa = PBXVariantGroup;
			children = (
				C15E995D24B729A600666BE2 /* Base */,
			);
			name = Main.storyboard;
			sourceTree = "<group>";
		};
		C15E996124B729A900666BE2 /* LaunchScreen.storyboard */ = {
			isa = PBXVariantGroup;
			children = (
				C15E996224B729A900666BE2 /* Base */,
			);
			name = LaunchScreen.storyboard;
			sourceTree = "<group>";
		};
/* End PBXVariantGroup section */

/* Begin XCBuildConfiguration section */
		C15E997B24B729AA00666BE2 /* Debug */ = {
			isa = XCBuildConfiguration;
			buildSettings = {
				ALWAYS_SEARCH_USER_PATHS = NO;
				CLANG_ANALYZER_NONNULL = YES;
				CLANG_ANALYZER_NUMBER_OBJECT_CONVERSION = YES_AGGRESSIVE;
				CLANG_CXX_LANGUAGE_STANDARD = "gnu++14";
				CLANG_CXX_LIBRARY = "libc++";
				CLANG_ENABLE_MODULES = YES;
				CLANG_ENABLE_OBJC_ARC = YES;
				CLANG_ENABLE_OBJC_WEAK = YES;
				CLANG_WARN_BLOCK_CAPTURE_AUTORELEASING = YES;
				CLANG_WARN_BOOL_CONVERSION = YES;
				CLANG_WARN_COMMA = YES;
				CLANG_WARN_CONSTANT_CONVERSION = YES;
				CLANG_WARN_DEPRECATED_OBJC_IMPLEMENTATIONS = YES;
				CLANG_WARN_DIRECT_OBJC_ISA_USAGE = YES_ERROR;
				CLANG_WARN_DOCUMENTATION_COMMENTS = YES;
				CLANG_WARN_EMPTY_BODY = YES;
				CLANG_WARN_ENUM_CONVERSION = YES;
				CLANG_WARN_INFINITE_RECURSION = YES;
				CLANG_WARN_INT_CONVERSION = YES;
				CLANG_WARN_NON_LITERAL_NULL_CONVERSION = YES;
				CLANG_WARN_OBJC_IMPLICIT_RETAIN_SELF = YES;
				CLANG_WARN_OBJC_LITERAL_CONVERSION = YES;
				CLANG_WARN_OBJC_ROOT_CLASS = YES_ERROR;
				CLANG_WARN_RANGE_LOOP_ANALYSIS = YES;
				CLANG_WARN_STRICT_PROTOTYPES = YES;
				CLANG_WARN_SUSPICIOUS_MOVE = YES;
				CLANG_WARN_UNGUARDED_AVAILABILITY = YES_AGGRESSIVE;
				CLANG_WARN_UNREACHABLE_CODE = YES;
				CLANG_WARN__DUPLICATE_METHOD_MATCH = YES;
				COPY_PHASE_STRIP = NO;
				DEBUG_INFORMATION_FORMAT = dwarf;
				ENABLE_STRICT_OBJC_MSGSEND = YES;
				ENABLE_TESTABILITY = YES;
				GCC_C_LANGUAGE_STANDARD = gnu11;
				GCC_DYNAMIC_NO_PIC = NO;
				GCC_NO_COMMON_BLOCKS = YES;
				GCC_OPTIMIZATION_LEVEL = 0;
				GCC_PREPROCESSOR_DEFINITIONS = (
					"DEBUG=1",
					"$(inherited)",
				);
				GCC_WARN_64_TO_32_BIT_CONVERSION = YES;
				GCC_WARN_ABOUT_RETURN_TYPE = YES_ERROR;
				GCC_WARN_UNDECLARED_SELECTOR = YES;
				GCC_WARN_UNINITIALIZED_AUTOS = YES_AGGRESSIVE;
				GCC_WARN_UNUSED_FUNCTION = YES;
				GCC_WARN_UNUSED_VARIABLE = YES;
				IPHONEOS_DEPLOYMENT_TARGET = 13.5;
				MTL_ENABLE_DEBUG_INFO = INCLUDE_SOURCE;
				MTL_FAST_MATH = YES;
				ONLY_ACTIVE_ARCH = YES;
				SDKROOT = iphoneos;
				SWIFT_ACTIVE_COMPILATION_CONDITIONS = DEBUG;
				SWIFT_OPTIMIZATION_LEVEL = "-Onone";
			};
			name = Debug;
		};
		C15E997C24B729AA00666BE2 /* Release */ = {
			isa = XCBuildConfiguration;
			buildSettings = {
				ALWAYS_SEARCH_USER_PATHS = NO;
				CLANG_ANALYZER_NONNULL = YES;
				CLANG_ANALYZER_NUMBER_OBJECT_CONVERSION = YES_AGGRESSIVE;
				CLANG_CXX_LANGUAGE_STANDARD = "gnu++14";
				CLANG_CXX_LIBRARY = "libc++";
				CLANG_ENABLE_MODULES = YES;
				CLANG_ENABLE_OBJC_ARC = YES;
				CLANG_ENABLE_OBJC_WEAK = YES;
				CLANG_WARN_BLOCK_CAPTURE_AUTORELEASING = YES;
				CLANG_WARN_BOOL_CONVERSION = YES;
				CLANG_WARN_COMMA = YES;
				CLANG_WARN_CONSTANT_CONVERSION = YES;
				CLANG_WARN_DEPRECATED_OBJC_IMPLEMENTATIONS = YES;
				CLANG_WARN_DIRECT_OBJC_ISA_USAGE = YES_ERROR;
				CLANG_WARN_DOCUMENTATION_COMMENTS = YES;
				CLANG_WARN_EMPTY_BODY = YES;
				CLANG_WARN_ENUM_CONVERSION = YES;
				CLANG_WARN_INFINITE_RECURSION = YES;
				CLANG_WARN_INT_CONVERSION = YES;
				CLANG_WARN_NON_LITERAL_NULL_CONVERSION = YES;
				CLANG_WARN_OBJC_IMPLICIT_RETAIN_SELF = YES;
				CLANG_WARN_OBJC_LITERAL_CONVERSION = YES;
				CLANG_WARN_OBJC_ROOT_CLASS = YES_ERROR;
				CLANG_WARN_RANGE_LOOP_ANALYSIS = YES;
				CLANG_WARN_STRICT_PROTOTYPES = YES;
				CLANG_WARN_SUSPICIOUS_MOVE = YES;
				CLANG_WARN_UNGUARDED_AVAILABILITY = YES_AGGRESSIVE;
				CLANG_WARN_UNREACHABLE_CODE = YES;
				CLANG_WARN__DUPLICATE_METHOD_MATCH = YES;
				COPY_PHASE_STRIP = NO;
				DEBUG_INFORMATION_FORMAT = "dwarf-with-dsym";
				ENABLE_NS_ASSERTIONS = NO;
				ENABLE_STRICT_OBJC_MSGSEND = YES;
				GCC_C_LANGUAGE_STANDARD = gnu11;
				GCC_NO_COMMON_BLOCKS = YES;
				GCC_WARN_64_TO_32_BIT_CONVERSION = YES;
				GCC_WARN_ABOUT_RETURN_TYPE = YES_ERROR;
				GCC_WARN_UNDECLARED_SELECTOR = YES;
				GCC_WARN_UNINITIALIZED_AUTOS = YES_AGGRESSIVE;
				GCC_WARN_UNUSED_FUNCTION = YES;
				GCC_WARN_UNUSED_VARIABLE = YES;
				IPHONEOS_DEPLOYMENT_TARGET = 13.5;
				MTL_ENABLE_DEBUG_INFO = NO;
				MTL_FAST_MATH = YES;
				SDKROOT = iphoneos;
				SWIFT_COMPILATION_MODE = wholemodule;
				SWIFT_OPTIMIZATION_LEVEL = "-O";
				VALIDATE_PRODUCT = YES;
			};
			name = Release;
		};
		C15E997E24B729AA00666BE2 /* Debug */ = {
			isa = XCBuildConfiguration;
			buildSettings = {
				ASSETCATALOG_COMPILER_APPICON_NAME = AppIcon;
				CODE_SIGN_STYLE = Automatic;
				INFOPLIST_FILE = tictactoe/Info.plist;
				LD_RUNPATH_SEARCH_PATHS = (
					"$(inherited)",
					"@executable_path/Frameworks",
				);
				PRODUCT_BUNDLE_IDENTIFIER = "com-bobbiedinh.tictactoe";
				PRODUCT_NAME = "$(TARGET_NAME)";
				SWIFT_VERSION = 5.0;
				TARGETED_DEVICE_FAMILY = "1,2";
			};
			name = Debug;
		};
		C15E997F24B729AA00666BE2 /* Release */ = {
			isa = XCBuildConfiguration;
			buildSettings = {
				ASSETCATALOG_COMPILER_APPICON_NAME = AppIcon;
				CODE_SIGN_STYLE = Automatic;
				INFOPLIST_FILE = tictactoe/Info.plist;
				LD_RUNPATH_SEARCH_PATHS = (
					"$(inherited)",
					"@executable_path/Frameworks",
				);
				PRODUCT_BUNDLE_IDENTIFIER = "com-bobbiedinh.tictactoe";
				PRODUCT_NAME = "$(TARGET_NAME)";
				SWIFT_VERSION = 5.0;
				TARGETED_DEVICE_FAMILY = "1,2";
			};
			name = Release;
		};
		C15E998124B729AA00666BE2 /* Debug */ = {
			isa = XCBuildConfiguration;
			buildSettings = {
				ALWAYS_EMBED_SWIFT_STANDARD_LIBRARIES = YES;
				BUNDLE_LOADER = "$(TEST_HOST)";
				CODE_SIGN_STYLE = Automatic;
				INFOPLIST_FILE = tictactoeTests/Info.plist;
				IPHONEOS_DEPLOYMENT_TARGET = 13.5;
				LD_RUNPATH_SEARCH_PATHS = (
					"$(inherited)",
					"@executable_path/Frameworks",
					"@loader_path/Frameworks",
				);
				PRODUCT_BUNDLE_IDENTIFIER = "com-bobbiedinh.tictactoeTests";
				PRODUCT_NAME = "$(TARGET_NAME)";
				SWIFT_VERSION = 5.0;
				TARGETED_DEVICE_FAMILY = "1,2";
				TEST_HOST = "$(BUILT_PRODUCTS_DIR)/tictactoe.app/tictactoe";
			};
			name = Debug;
		};
		C15E998224B729AA00666BE2 /* Release */ = {
			isa = XCBuildConfiguration;
			buildSettings = {
				ALWAYS_EMBED_SWIFT_STANDARD_LIBRARIES = YES;
				BUNDLE_LOADER = "$(TEST_HOST)";
				CODE_SIGN_STYLE = Automatic;
				INFOPLIST_FILE = tictactoeTests/Info.plist;
				IPHONEOS_DEPLOYMENT_TARGET = 13.5;
				LD_RUNPATH_SEARCH_PATHS = (
					"$(inherited)",
					"@executable_path/Frameworks",
					"@loader_path/Frameworks",
				);
				PRODUCT_BUNDLE_IDENTIFIER = "com-bobbiedinh.tictactoeTests";
				PRODUCT_NAME = "$(TARGET_NAME)";
				SWIFT_VERSION = 5.0;
				TARGETED_DEVICE_FAMILY = "1,2";
				TEST_HOST = "$(BUILT_PRODUCTS_DIR)/tictactoe.app/tictactoe";
			};
			name = Release;
		};
		C15E998424B729AA00666BE2 /* Debug */ = {
			isa = XCBuildConfiguration;
			buildSettings = {
				ALWAYS_EMBED_SWIFT_STANDARD_LIBRARIES = YES;
				CODE_SIGN_STYLE = Automatic;
				INFOPLIST_FILE = tictactoeUITests/Info.plist;
				LD_RUNPATH_SEARCH_PATHS = (
					"$(inherited)",
					"@executable_path/Frameworks",
					"@loader_path/Frameworks",
				);
				PRODUCT_BUNDLE_IDENTIFIER = "com-bobbiedinh.tictactoeUITests";
				PRODUCT_NAME = "$(TARGET_NAME)";
				SWIFT_VERSION = 5.0;
				TARGETED_DEVICE_FAMILY = "1,2";
				TEST_TARGET_NAME = tictactoe;
			};
			name = Debug;
		};
		C15E998524B729AA00666BE2 /* Release */ = {
			isa = XCBuildConfiguration;
			buildSettings = {
				ALWAYS_EMBED_SWIFT_STANDARD_LIBRARIES = YES;
				CODE_SIGN_STYLE = Automatic;
				INFOPLIST_FILE = tictactoeUITests/Info.plist;
				LD_RUNPATH_SEARCH_PATHS = (
					"$(inherited)",
					"@executable_path/Frameworks",
					"@loader_path/Frameworks",
				);
				PRODUCT_BUNDLE_IDENTIFIER = "com-bobbiedinh.tictactoeUITests";
				PRODUCT_NAME = "$(TARGET_NAME)";
				SWIFT_VERSION = 5.0;
				TARGETED_DEVICE_FAMILY = "1,2";
				TEST_TARGET_NAME = tictactoe;
			};
			name = Release;
		};
/* End XCBuildConfiguration section */

/* Begin XCConfigurationList section */
		C15E994E24B729A600666BE2 /* Build configuration list for PBXProject "tictactoe" */ = {
			isa = XCConfigurationList;
			buildConfigurations = (
				C15E997B24B729AA00666BE2 /* Debug */,
				C15E997C24B729AA00666BE2 /* Release */,
			);
			defaultConfigurationIsVisible = 0;
			defaultConfigurationName = Release;
		};
		C15E997D24B729AA00666BE2 /* Build configuration list for PBXNativeTarget "tictactoe" */ = {
			isa = XCConfigurationList;
			buildConfigurations = (
				C15E997E24B729AA00666BE2 /* Debug */,
				C15E997F24B729AA00666BE2 /* Release */,
			);
			defaultConfigurationIsVisible = 0;
			defaultConfigurationName = Release;
		};
		C15E998024B729AA00666BE2 /* Build configuration list for PBXNativeTarget "tictactoeTests" */ = {
			isa = XCConfigurationList;
			buildConfigurations = (
				C15E998124B729AA00666BE2 /* Debug */,
				C15E998224B729AA00666BE2 /* Release */,
			);
			defaultConfigurationIsVisible = 0;
			defaultConfigurationName = Release;
		};
		C15E998324B729AA00666BE2 /* Build configuration list for PBXNativeTarget "tictactoeUITests" */ = {
			isa = XCConfigurationList;
			buildConfigurations = (
				C15E998424B729AA00666BE2 /* Debug */,
				C15E998524B729AA00666BE2 /* Release */,
			);
			defaultConfigurationIsVisible = 0;
			defaultConfigurationName = Release;
		};
/* End XCConfigurationList section */
	};
	rootObject = C15E994B24B729A600666BE2 /* Project object */;
}
